// !$*UTF8*$!
{
	archiveVersion = 1;
	classes = {
	};
	objectVersion = 46;
	objects = {

/* Begin PBXBuildFile section */
		8326E32F1B5A3E8C00925579 /* DetailViewController.swift in Sources */ = {isa = PBXBuildFile; fileRef = 8326E32D1B5A3E8C00925579 /* DetailViewController.swift */; };
		8326E3301B5A3E8C00925579 /* DetailViewController.xib in Resources */ = {isa = PBXBuildFile; fileRef = 8326E32E1B5A3E8C00925579 /* DetailViewController.xib */; };
		83BB8D6C1B5A195A00C97B32 /* AppDelegate.swift in Sources */ = {isa = PBXBuildFile; fileRef = 83BB8D6B1B5A195A00C97B32 /* AppDelegate.swift */; };
		83BB8D731B5A195A00C97B32 /* Images.xcassets in Resources */ = {isa = PBXBuildFile; fileRef = 83BB8D721B5A195A00C97B32 /* Images.xcassets */; };
		83BB8D821B5A195A00C97B32 /* My_KaraokeTests.swift in Sources */ = {isa = PBXBuildFile; fileRef = 83BB8D811B5A195A00C97B32 /* My_KaraokeTests.swift */; };
		83BB8D951B5A285400C97B32 /* Category.swift in Sources */ = {isa = PBXBuildFile; fileRef = 83BB8D941B5A285400C97B32 /* Category.swift */; };
		83BB8D9B1B5A2FDD00C97B32 /* CategoryTableCell.swift in Sources */ = {isa = PBXBuildFile; fileRef = 83BB8D9A1B5A2FDD00C97B32 /* CategoryTableCell.swift */; };
		83BB8DA01B5A30C700C97B32 /* CategoryListViewController.swift in Sources */ = {isa = PBXBuildFile; fileRef = 83BB8D9E1B5A30C700C97B32 /* CategoryListViewController.swift */; };
		83BB8DA11B5A30C700C97B32 /* CategoryListViewController.xib in Resources */ = {isa = PBXBuildFile; fileRef = 83BB8D9F1B5A30C700C97B32 /* CategoryListViewController.xib */; };
		83BB8DA71B5A337500C97B32 /* CategoryTableCell.xib in Resources */ = {isa = PBXBuildFile; fileRef = 83BB8DA61B5A337500C97B32 /* CategoryTableCell.xib */; };
		83BB8DAB1B5A37D000C97B32 /* SongTableCell.xib in Resources */ = {isa = PBXBuildFile; fileRef = 83BB8DAA1B5A37D000C97B32 /* SongTableCell.xib */; };
		83BB8DAE1B5A384F00C97B32 /* SongListViewController.swift in Sources */ = {isa = PBXBuildFile; fileRef = 83BB8DAC1B5A384F00C97B32 /* SongListViewController.swift */; };
		83BB8DAF1B5A384F00C97B32 /* SongListViewController.xib in Resources */ = {isa = PBXBuildFile; fileRef = 83BB8DAD1B5A384F00C97B32 /* SongListViewController.xib */; };
		83BB8DB11B5A38F200C97B32 /* Song.swift in Sources */ = {isa = PBXBuildFile; fileRef = 83BB8DB01B5A38F200C97B32 /* Song.swift */; };
		83BB8DB31B5A3B1C00C97B32 /* SongTableCell.swift in Sources */ = {isa = PBXBuildFile; fileRef = 83BB8DB21B5A3B1C00C97B32 /* SongTableCell.swift */; };
		83E56C3B1B5E9CCB003DE02E /* BaseFetcher.swift in Sources */ = {isa = PBXBuildFile; fileRef = 83E56C3A1B5E9CCB003DE02E /* BaseFetcher.swift */; };
		83E56C3D1B5E9CD3003DE02E /* CategoryFetcher.swift in Sources */ = {isa = PBXBuildFile; fileRef = 83E56C3C1B5E9CD3003DE02E /* CategoryFetcher.swift */; };
		83E56C3F1B5E9CDD003DE02E /* RegistFetcher.swift in Sources */ = {isa = PBXBuildFile; fileRef = 83E56C3E1B5E9CDC003DE02E /* RegistFetcher.swift */; };
		83E5DDA41B5BD42800189D64 /* RegistViewController.swift in Sources */ = {isa = PBXBuildFile; fileRef = 83E5DDA21B5BD42800189D64 /* RegistViewController.swift */; };
		83E5DDA51B5BD42800189D64 /* RegistViewController.xib in Resources */ = {isa = PBXBuildFile; fileRef = 83E5DDA31B5BD42800189D64 /* RegistViewController.xib */; };
		83E5DDA71B5BE56F00189D64 /* Const.swift in Sources */ = {isa = PBXBuildFile; fileRef = 83E5DDA61B5BE56F00189D64 /* Const.swift */; };
/* End PBXBuildFile section */

/* Begin PBXContainerItemProxy section */
		83BB8D7C1B5A195A00C97B32 /* PBXContainerItemProxy */ = {
			isa = PBXContainerItemProxy;
			containerPortal = 83BB8D5E1B5A195A00C97B32 /* Project object */;
			proxyType = 1;
			remoteGlobalIDString = 83BB8D651B5A195A00C97B32;
			remoteInfo = "My Karaoke";
		};
/* End PBXContainerItemProxy section */

/* Begin PBXFileReference section */
		8326E32D1B5A3E8C00925579 /* DetailViewController.swift */ = {isa = PBXFileReference; fileEncoding = 4; lastKnownFileType = sourcecode.swift; path = DetailViewController.swift; sourceTree = "<group>"; };
		8326E32E1B5A3E8C00925579 /* DetailViewController.xib */ = {isa = PBXFileReference; fileEncoding = 4; lastKnownFileType = file.xib; path = DetailViewController.xib; sourceTree = "<group>"; };
		83BB8D661B5A195A00C97B32 /* My Karaoke.app */ = {isa = PBXFileReference; explicitFileType = wrapper.application; includeInIndex = 0; path = "My Karaoke.app"; sourceTree = BUILT_PRODUCTS_DIR; };
		83BB8D6A1B5A195A00C97B32 /* Info.plist */ = {isa = PBXFileReference; lastKnownFileType = text.plist.xml; path = Info.plist; sourceTree = "<group>"; };
		83BB8D6B1B5A195A00C97B32 /* AppDelegate.swift */ = {isa = PBXFileReference; lastKnownFileType = sourcecode.swift; path = AppDelegate.swift; sourceTree = "<group>"; };
		83BB8D721B5A195A00C97B32 /* Images.xcassets */ = {isa = PBXFileReference; lastKnownFileType = folder.assetcatalog; path = Images.xcassets; sourceTree = "<group>"; };
		83BB8D7B1B5A195A00C97B32 /* My KaraokeTests.xctest */ = {isa = PBXFileReference; explicitFileType = wrapper.cfbundle; includeInIndex = 0; path = "My KaraokeTests.xctest"; sourceTree = BUILT_PRODUCTS_DIR; };
		83BB8D801B5A195A00C97B32 /* Info.plist */ = {isa = PBXFileReference; lastKnownFileType = text.plist.xml; path = Info.plist; sourceTree = "<group>"; };
		83BB8D811B5A195A00C97B32 /* My_KaraokeTests.swift */ = {isa = PBXFileReference; lastKnownFileType = sourcecode.swift; path = My_KaraokeTests.swift; sourceTree = "<group>"; };
		83BB8D941B5A285400C97B32 /* Category.swift */ = {isa = PBXFileReference; fileEncoding = 4; lastKnownFileType = sourcecode.swift; path = Category.swift; sourceTree = "<group>"; };
		83BB8D9A1B5A2FDD00C97B32 /* CategoryTableCell.swift */ = {isa = PBXFileReference; fileEncoding = 4; lastKnownFileType = sourcecode.swift; path = CategoryTableCell.swift; sourceTree = "<group>"; };
		83BB8D9E1B5A30C700C97B32 /* CategoryListViewController.swift */ = {isa = PBXFileReference; fileEncoding = 4; lastKnownFileType = sourcecode.swift; path = CategoryListViewController.swift; sourceTree = "<group>"; };
		83BB8D9F1B5A30C700C97B32 /* CategoryListViewController.xib */ = {isa = PBXFileReference; fileEncoding = 4; lastKnownFileType = file.xib; path = CategoryListViewController.xib; sourceTree = "<group>"; };
		83BB8DA61B5A337500C97B32 /* CategoryTableCell.xib */ = {isa = PBXFileReference; fileEncoding = 4; lastKnownFileType = file.xib; path = CategoryTableCell.xib; sourceTree = "<group>"; };
		83BB8DAA1B5A37D000C97B32 /* SongTableCell.xib */ = {isa = PBXFileReference; fileEncoding = 4; lastKnownFileType = file.xib; path = SongTableCell.xib; sourceTree = "<group>"; };
		83BB8DAC1B5A384F00C97B32 /* SongListViewController.swift */ = {isa = PBXFileReference; fileEncoding = 4; lastKnownFileType = sourcecode.swift; path = SongListViewController.swift; sourceTree = "<group>"; };
		83BB8DAD1B5A384F00C97B32 /* SongListViewController.xib */ = {isa = PBXFileReference; fileEncoding = 4; lastKnownFileType = file.xib; path = SongListViewController.xib; sourceTree = "<group>"; };
		83BB8DB01B5A38F200C97B32 /* Song.swift */ = {isa = PBXFileReference; fileEncoding = 4; lastKnownFileType = sourcecode.swift; path = Song.swift; sourceTree = "<group>"; };
		83BB8DB21B5A3B1C00C97B32 /* SongTableCell.swift */ = {isa = PBXFileReference; fileEncoding = 4; lastKnownFileType = sourcecode.swift; path = SongTableCell.swift; sourceTree = "<group>"; };
		83E56C3A1B5E9CCB003DE02E /* BaseFetcher.swift */ = {isa = PBXFileReference; fileEncoding = 4; lastKnownFileType = sourcecode.swift; path = BaseFetcher.swift; sourceTree = "<group>"; };
		83E56C3C1B5E9CD3003DE02E /* CategoryFetcher.swift */ = {isa = PBXFileReference; fileEncoding = 4; lastKnownFileType = sourcecode.swift; path = CategoryFetcher.swift; sourceTree = "<group>"; };
		83E56C3E1B5E9CDC003DE02E /* RegistFetcher.swift */ = {isa = PBXFileReference; fileEncoding = 4; lastKnownFileType = sourcecode.swift; path = RegistFetcher.swift; sourceTree = "<group>"; };
		83E5DDA21B5BD42800189D64 /* RegistViewController.swift */ = {isa = PBXFileReference; fileEncoding = 4; lastKnownFileType = sourcecode.swift; path = RegistViewController.swift; sourceTree = "<group>"; };
		83E5DDA31B5BD42800189D64 /* RegistViewController.xib */ = {isa = PBXFileReference; fileEncoding = 4; lastKnownFileType = file.xib; path = RegistViewController.xib; sourceTree = "<group>"; };
		83E5DDA61B5BE56F00189D64 /* Const.swift */ = {isa = PBXFileReference; fileEncoding = 4; lastKnownFileType = sourcecode.swift; path = Const.swift; sourceTree = "<group>"; };
/* End PBXFileReference section */

/* Begin PBXFrameworksBuildPhase section */
		83BB8D631B5A195A00C97B32 /* Frameworks */ = {
			isa = PBXFrameworksBuildPhase;
			buildActionMask = 2147483647;
			files = (
			);
			runOnlyForDeploymentPostprocessing = 0;
		};
		83BB8D781B5A195A00C97B32 /* Frameworks */ = {
			isa = PBXFrameworksBuildPhase;
			buildActionMask = 2147483647;
			files = (
			);
			runOnlyForDeploymentPostprocessing = 0;
		};
/* End PBXFrameworksBuildPhase section */

/* Begin PBXGroup section */
		83BB8D5D1B5A195A00C97B32 = {
			isa = PBXGroup;
			children = (
				83BB8D681B5A195A00C97B32 /* My Karaoke */,
				83BB8D7E1B5A195A00C97B32 /* My KaraokeTests */,
				83BB8D671B5A195A00C97B32 /* Products */,
			);
			sourceTree = "<group>";
		};
		83BB8D671B5A195A00C97B32 /* Products */ = {
			isa = PBXGroup;
			children = (
				83BB8D661B5A195A00C97B32 /* My Karaoke.app */,
				83BB8D7B1B5A195A00C97B32 /* My KaraokeTests.xctest */,
			);
			name = Products;
			sourceTree = "<group>";
		};
		83BB8D681B5A195A00C97B32 /* My Karaoke */ = {
			isa = PBXGroup;
			children = (
				83BB8D6B1B5A195A00C97B32 /* AppDelegate.swift */,
				83BB8D8E1B5A1A0200C97B32 /* Common */,
				83BB8D8D1B5A19F900C97B32 /* Util */,
				83BB8D8C1B5A19F000C97B32 /* Model */,
				83BB8D981B5A2F6100C97B32 /* VIew */,
				83BB8DA21B5A30CD00C97B32 /* Controller */,
				83BB8D721B5A195A00C97B32 /* Images.xcassets */,
				83BB8D691B5A195A00C97B32 /* Supporting Files */,
			);
			path = "My Karaoke";
			sourceTree = "<group>";
		};
		83BB8D691B5A195A00C97B32 /* Supporting Files */ = {
			isa = PBXGroup;
			children = (
				83BB8D6A1B5A195A00C97B32 /* Info.plist */,
			);
			name = "Supporting Files";
			sourceTree = "<group>";
		};
		83BB8D7E1B5A195A00C97B32 /* My KaraokeTests */ = {
			isa = PBXGroup;
			children = (
				83BB8D811B5A195A00C97B32 /* My_KaraokeTests.swift */,
				83BB8D7F1B5A195A00C97B32 /* Supporting Files */,
			);
			path = "My KaraokeTests";
			sourceTree = "<group>";
		};
		83BB8D7F1B5A195A00C97B32 /* Supporting Files */ = {
			isa = PBXGroup;
			children = (
				83BB8D801B5A195A00C97B32 /* Info.plist */,
			);
			name = "Supporting Files";
			sourceTree = "<group>";
		};
		83BB8D8C1B5A19F000C97B32 /* Model */ = {
			isa = PBXGroup;
			children = (
				83E56C391B5E9CC3003DE02E /* Fetcher */,
				83BB8D931B5A27A800C97B32 /* Entity */,
			);
			name = Model;
			sourceTree = "<group>";
		};
		83BB8D8D1B5A19F900C97B32 /* Util */ = {
			isa = PBXGroup;
			children = (
			);
			name = Util;
			sourceTree = "<group>";
		};
		83BB8D8E1B5A1A0200C97B32 /* Common */ = {
			isa = PBXGroup;
			children = (
				83E5DDA61B5BE56F00189D64 /* Const.swift */,
			);
			name = Common;
			sourceTree = "<group>";
		};
		83BB8D931B5A27A800C97B32 /* Entity */ = {
			isa = PBXGroup;
			children = (
				83BB8D941B5A285400C97B32 /* Category.swift */,
				83BB8DB01B5A38F200C97B32 /* Song.swift */,
			);
			name = Entity;
			sourceTree = "<group>";
		};
		83BB8D981B5A2F6100C97B32 /* VIew */ = {
			isa = PBXGroup;
			children = (
				83BB8D991B5A2F7000C97B32 /* Cell */,
			);
			name = VIew;
			sourceTree = "<group>";
		};
		83BB8D991B5A2F7000C97B32 /* Cell */ = {
			isa = PBXGroup;
			children = (
				83BB8D9A1B5A2FDD00C97B32 /* CategoryTableCell.swift */,
				83BB8DA61B5A337500C97B32 /* CategoryTableCell.xib */,
				83BB8DB21B5A3B1C00C97B32 /* SongTableCell.swift */,
				83BB8DAA1B5A37D000C97B32 /* SongTableCell.xib */,
			);
			name = Cell;
			sourceTree = "<group>";
		};
		83BB8DA21B5A30CD00C97B32 /* Controller */ = {
			isa = PBXGroup;
			children = (
				83E5DDA21B5BD42800189D64 /* RegistViewController.swift */,
				83E5DDA31B5BD42800189D64 /* RegistViewController.xib */,
				83BB8D9E1B5A30C700C97B32 /* CategoryListViewController.swift */,
				83BB8D9F1B5A30C700C97B32 /* CategoryListViewController.xib */,
				83BB8DAC1B5A384F00C97B32 /* SongListViewController.swift */,
				83BB8DAD1B5A384F00C97B32 /* SongListViewController.xib */,
				8326E32D1B5A3E8C00925579 /* DetailViewController.swift */,
				8326E32E1B5A3E8C00925579 /* DetailViewController.xib */,
			);
			name = Controller;
			sourceTree = "<group>";
		};
		83E56C391B5E9CC3003DE02E /* Fetcher */ = {
			isa = PBXGroup;
			children = (
				83E56C3A1B5E9CCB003DE02E /* BaseFetcher.swift */,
				83E56C3C1B5E9CD3003DE02E /* CategoryFetcher.swift */,
				83E56C3E1B5E9CDC003DE02E /* RegistFetcher.swift */,
			);
			name = Fetcher;
			sourceTree = "<group>";
		};
/* End PBXGroup section */

/* Begin PBXNativeTarget section */
		83BB8D651B5A195A00C97B32 /* My Karaoke */ = {
			isa = PBXNativeTarget;
			buildConfigurationList = 83BB8D851B5A195A00C97B32 /* Build configuration list for PBXNativeTarget "My Karaoke" */;
			buildPhases = (
				83BB8D621B5A195A00C97B32 /* Sources */,
				83BB8D631B5A195A00C97B32 /* Frameworks */,
				83BB8D641B5A195A00C97B32 /* Resources */,
			);
			buildRules = (
			);
			dependencies = (
			);
			name = "My Karaoke";
			productName = "My Karaoke";
			productReference = 83BB8D661B5A195A00C97B32 /* My Karaoke.app */;
			productType = "com.apple.product-type.application";
		};
		83BB8D7A1B5A195A00C97B32 /* My KaraokeTests */ = {
			isa = PBXNativeTarget;
			buildConfigurationList = 83BB8D881B5A195A00C97B32 /* Build configuration list for PBXNativeTarget "My KaraokeTests" */;
			buildPhases = (
				83BB8D771B5A195A00C97B32 /* Sources */,
				83BB8D781B5A195A00C97B32 /* Frameworks */,
				83BB8D791B5A195A00C97B32 /* Resources */,
			);
			buildRules = (
			);
			dependencies = (
				83BB8D7D1B5A195A00C97B32 /* PBXTargetDependency */,
			);
			name = "My KaraokeTests";
			productName = "My KaraokeTests";
			productReference = 83BB8D7B1B5A195A00C97B32 /* My KaraokeTests.xctest */;
			productType = "com.apple.product-type.bundle.unit-test";
		};
/* End PBXNativeTarget section */

/* Begin PBXProject section */
		83BB8D5E1B5A195A00C97B32 /* Project object */ = {
			isa = PBXProject;
			attributes = {
				LastUpgradeCheck = 0630;
				ORGANIZATIONNAME = "石部達也";
				TargetAttributes = {
					83BB8D651B5A195A00C97B32 = {
						CreatedOnToolsVersion = 6.3.2;
					};
					83BB8D7A1B5A195A00C97B32 = {
						CreatedOnToolsVersion = 6.3.2;
						TestTargetID = 83BB8D651B5A195A00C97B32;
					};
				};
			};
			buildConfigurationList = 83BB8D611B5A195A00C97B32 /* Build configuration list for PBXProject "My Karaoke" */;
			compatibilityVersion = "Xcode 3.2";
			developmentRegion = English;
			hasScannedForEncodings = 0;
			knownRegions = (
				en,
				Base,
			);
			mainGroup = 83BB8D5D1B5A195A00C97B32;
			productRefGroup = 83BB8D671B5A195A00C97B32 /* Products */;
			projectDirPath = "";
			projectRoot = "";
			targets = (
				83BB8D651B5A195A00C97B32 /* My Karaoke */,
				83BB8D7A1B5A195A00C97B32 /* My KaraokeTests */,
			);
		};
/* End PBXProject section */

/* Begin PBXResourcesBuildPhase section */
		83BB8D641B5A195A00C97B32 /* Resources */ = {
			isa = PBXResourcesBuildPhase;
			buildActionMask = 2147483647;
			files = (
				83BB8DAF1B5A384F00C97B32 /* SongListViewController.xib in Resources */,
				8326E3301B5A3E8C00925579 /* DetailViewController.xib in Resources */,
				83BB8DA11B5A30C700C97B32 /* CategoryListViewController.xib in Resources */,
				83BB8DAB1B5A37D000C97B32 /* SongTableCell.xib in Resources */,
				83E5DDA51B5BD42800189D64 /* RegistViewController.xib in Resources */,
				83BB8DA71B5A337500C97B32 /* CategoryTableCell.xib in Resources */,
				83BB8D731B5A195A00C97B32 /* Images.xcassets in Resources */,
			);
			runOnlyForDeploymentPostprocessing = 0;
		};
		83BB8D791B5A195A00C97B32 /* Resources */ = {
			isa = PBXResourcesBuildPhase;
			buildActionMask = 2147483647;
			files = (
			);
			runOnlyForDeploymentPostprocessing = 0;
		};
/* End PBXResourcesBuildPhase section */

/* Begin PBXSourcesBuildPhase section */
		83BB8D621B5A195A00C97B32 /* Sources */ = {
			isa = PBXSourcesBuildPhase;
			buildActionMask = 2147483647;
			files = (
				83E56C3B1B5E9CCB003DE02E /* BaseFetcher.swift in Sources */,
				83BB8DB11B5A38F200C97B32 /* Song.swift in Sources */,
				83BB8DA01B5A30C700C97B32 /* CategoryListViewController.swift in Sources */,
				83E5DDA41B5BD42800189D64 /* RegistViewController.swift in Sources */,
				83BB8D6C1B5A195A00C97B32 /* AppDelegate.swift in Sources */,
				83BB8D951B5A285400C97B32 /* Category.swift in Sources */,
				83E56C3F1B5E9CDD003DE02E /* RegistFetcher.swift in Sources */,
				83BB8DB31B5A3B1C00C97B32 /* SongTableCell.swift in Sources */,
				83E56C3D1B5E9CD3003DE02E /* CategoryFetcher.swift in Sources */,
				83BB8D9B1B5A2FDD00C97B32 /* CategoryTableCell.swift in Sources */,
				83BB8DAE1B5A384F00C97B32 /* SongListViewController.swift in Sources */,
				8326E32F1B5A3E8C00925579 /* DetailViewController.swift in Sources */,
				83E5DDA71B5BE56F00189D64 /* Const.swift in Sources */,
			);
			runOnlyForDeploymentPostprocessing = 0;
		};
		83BB8D771B5A195A00C97B32 /* Sources */ = {
			isa = PBXSourcesBuildPhase;
			buildActionMask = 2147483647;
			files = (
				83BB8D821B5A195A00C97B32 /* My_KaraokeTests.swift in Sources */,
			);
			runOnlyForDeploymentPostprocessing = 0;
		};
/* End PBXSourcesBuildPhase section */

/* Begin PBXTargetDependency section */
		83BB8D7D1B5A195A00C97B32 /* PBXTargetDependency */ = {
			isa = PBXTargetDependency;
			target = 83BB8D651B5A195A00C97B32 /* My Karaoke */;
			targetProxy = 83BB8D7C1B5A195A00C97B32 /* PBXContainerItemProxy */;
		};
/* End PBXTargetDependency section */

/* Begin XCBuildConfiguration section */
		83BB8D831B5A195A00C97B32 /* Debug */ = {
			isa = XCBuildConfiguration;
			buildSettings = {
				ALWAYS_SEARCH_USER_PATHS = NO;
				CLANG_CXX_LANGUAGE_STANDARD = "gnu++0x";
				CLANG_CXX_LIBRARY = "libc++";
				CLANG_ENABLE_MODULES = YES;
				CLANG_ENABLE_OBJC_ARC = YES;
				CLANG_WARN_BOOL_CONVERSION = YES;
				CLANG_WARN_CONSTANT_CONVERSION = YES;
				CLANG_WARN_DIRECT_OBJC_ISA_USAGE = YES_ERROR;
				CLANG_WARN_EMPTY_BODY = YES;
				CLANG_WARN_ENUM_CONVERSION = YES;
				CLANG_WARN_INT_CONVERSION = YES;
				CLANG_WARN_OBJC_ROOT_CLASS = YES_ERROR;
				CLANG_WARN_UNREACHABLE_CODE = YES;
				CLANG_WARN__DUPLICATE_METHOD_MATCH = YES;
				"CODE_SIGN_IDENTITY[sdk=iphoneos*]" = "iPhone Developer";
				COPY_PHASE_STRIP = NO;
				DEBUG_INFORMATION_FORMAT = "dwarf-with-dsym";
				ENABLE_STRICT_OBJC_MSGSEND = YES;
				GCC_C_LANGUAGE_STANDARD = gnu99;
				GCC_DYNAMIC_NO_PIC = NO;
				GCC_NO_COMMON_BLOCKS = YES;
				GCC_OPTIMIZATION_LEVEL = 0;
				GCC_PREPROCESSOR_DEFINITIONS = (
					"DEBUG=1",
					"$(inherited)",
				);
				GCC_SYMBOLS_PRIVATE_EXTERN = NO;
				GCC_WARN_64_TO_32_BIT_CONVERSION = YES;
				GCC_WARN_ABOUT_RETURN_TYPE = YES_ERROR;
				GCC_WARN_UNDECLARED_SELECTOR = YES;
				GCC_WARN_UNINITIALIZED_AUTOS = YES_AGGRESSIVE;
				GCC_WARN_UNUSED_FUNCTION = YES;
				GCC_WARN_UNUSED_VARIABLE = YES;
				IPHONEOS_DEPLOYMENT_TARGET = 8.3;
				MTL_ENABLE_DEBUG_INFO = YES;
				ONLY_ACTIVE_ARCH = YES;
				SDKROOT = iphoneos;
				SWIFT_OPTIMIZATION_LEVEL = "-Onone";
			};
			name = Debug;
		};
		83BB8D841B5A195A00C97B32 /* Release */ = {
			isa = XCBuildConfiguration;
			buildSettings = {
				ALWAYS_SEARCH_USER_PATHS = NO;
				CLANG_CXX_LANGUAGE_STANDARD = "gnu++0x";
				CLANG_CXX_LIBRARY = "libc++";
				CLANG_ENABLE_MODULES = YES;
				CLANG_ENABLE_OBJC_ARC = YES;
				CLANG_WARN_BOOL_CONVERSION = YES;
				CLANG_WARN_CONSTANT_CONVERSION = YES;
				CLANG_WARN_DIRECT_OBJC_ISA_USAGE = YES_ERROR;
				CLANG_WARN_EMPTY_BODY = YES;
				CLANG_WARN_ENUM_CONVERSION = YES;
				CLANG_WARN_INT_CONVERSION = YES;
				CLANG_WARN_OBJC_ROOT_CLASS = YES_ERROR;
				CLANG_WARN_UNREACHABLE_CODE = YES;
				CLANG_WARN__DUPLICATE_METHOD_MATCH = YES;
				"CODE_SIGN_IDENTITY[sdk=iphoneos*]" = "iPhone Developer";
				COPY_PHASE_STRIP = NO;
				DEBUG_INFORMATION_FORMAT = "dwarf-with-dsym";
				ENABLE_NS_ASSERTIONS = NO;
				ENABLE_STRICT_OBJC_MSGSEND = YES;
				GCC_C_LANGUAGE_STANDARD = gnu99;
				GCC_NO_COMMON_BLOCKS = YES;
				GCC_WARN_64_TO_32_BIT_CONVERSION = YES;
				GCC_WARN_ABOUT_RETURN_TYPE = YES_ERROR;
				GCC_WARN_UNDECLARED_SELECTOR = YES;
				GCC_WARN_UNINITIALIZED_AUTOS = YES_AGGRESSIVE;
				GCC_WARN_UNUSED_FUNCTION = YES;
				GCC_WARN_UNUSED_VARIABLE = YES;
				IPHONEOS_DEPLOYMENT_TARGET = 8.3;
				MTL_ENABLE_DEBUG_INFO = NO;
				SDKROOT = iphoneos;
				VALIDATE_PRODUCT = YES;
			};
			name = Release;
		};
		83BB8D861B5A195A00C97B32 /* Debug */ = {
			isa = XCBuildConfiguration;
			buildSettings = {
				ASSETCATALOG_COMPILER_APPICON_NAME = AppIcon;
				ASSETCATALOG_COMPILER_LAUNCHIMAGE_NAME = LaunchImage;
				INFOPLIST_FILE = "My Karaoke/Info.plist";
				IPHONEOS_DEPLOYMENT_TARGET = 7.0;
				LD_RUNPATH_SEARCH_PATHS = "$(inherited) @executable_path/Frameworks";
				PRODUCT_NAME = "$(TARGET_NAME)";
			};
			name = Debug;
		};
		83BB8D871B5A195A00C97B32 /* Release */ = {
			isa = XCBuildConfiguration;
			buildSettings = {
				ASSETCATALOG_COMPILER_APPICON_NAME = AppIcon;
				ASSETCATALOG_COMPILER_LAUNCHIMAGE_NAME = LaunchImage;
				INFOPLIST_FILE = "My Karaoke/Info.plist";
				IPHONEOS_DEPLOYMENT_TARGET = 7.0;
				LD_RUNPATH_SEARCH_PATHS = "$(inherited) @executable_path/Frameworks";
				PRODUCT_NAME = "$(TARGET_NAME)";
			};
			name = Release;
		};
		83BB8D891B5A195A00C97B32 /* Debug */ = {
			isa = XCBuildConfiguration;
			buildSettings = {
				BUNDLE_LOADER = "$(TEST_HOST)";
				FRAMEWORK_SEARCH_PATHS = (
					"$(SDKROOT)/Developer/Library/Frameworks",
					"$(inherited)",
				);
				GCC_PREPROCESSOR_DEFINITIONS = (
					"DEBUG=1",
					"$(inherited)",
				);
				INFOPLIST_FILE = "My KaraokeTests/Info.plist";
				LD_RUNPATH_SEARCH_PATHS = "$(inherited) @executable_path/Frameworks @loader_path/Frameworks";
				PRODUCT_NAME = "$(TARGET_NAME)";
				TEST_HOST = "$(BUILT_PRODUCTS_DIR)/My Karaoke.app/My Karaoke";
			};
			name = Debug;
		};
		83BB8D8A1B5A195A00C97B32 /* Release */ = {
			isa = XCBuildConfiguration;
			buildSettings = {
				BUNDLE_LOADER = "$(TEST_HOST)";
				FRAMEWORK_SEARCH_PATHS = (
					"$(SDKROOT)/Developer/Library/Frameworks",
					"$(inherited)",
				);
				INFOPLIST_FILE = "My KaraokeTests/Info.plist";
				LD_RUNPATH_SEARCH_PATHS = "$(inherited) @executable_path/Frameworks @loader_path/Frameworks";
				PRODUCT_NAME = "$(TARGET_NAME)";
				TEST_HOST = "$(BUILT_PRODUCTS_DIR)/My Karaoke.app/My Karaoke";
			};
			name = Release;
		};
/* End XCBuildConfiguration section */

/* Begin XCConfigurationList section */
		83BB8D611B5A195A00C97B32 /* Build configuration list for PBXProject "My Karaoke" */ = {
			isa = XCConfigurationList;
			buildConfigurations = (
				83BB8D831B5A195A00C97B32 /* Debug */,
				83BB8D841B5A195A00C97B32 /* Release */,
			);
			defaultConfigurationIsVisible = 0;
			defaultConfigurationName = Release;
		};
		83BB8D851B5A195A00C97B32 /* Build configuration list for PBXNativeTarget "My Karaoke" */ = {
			isa = XCConfigurationList;
			buildConfigurations = (
				83BB8D861B5A195A00C97B32 /* Debug */,
				83BB8D871B5A195A00C97B32 /* Release */,
			);
			defaultConfigurationIsVisible = 0;
			defaultConfigurationName = Release;
		};
		83BB8D881B5A195A00C97B32 /* Build configuration list for PBXNativeTarget "My KaraokeTests" */ = {
			isa = XCConfigurationList;
			buildConfigurations = (
				83BB8D891B5A195A00C97B32 /* Debug */,
				83BB8D8A1B5A195A00C97B32 /* Release */,
			);
			defaultConfigurationIsVisible = 0;
			defaultConfigurationName = Release;
		};
/* End XCConfigurationList section */
	};
	rootObject = 83BB8D5E1B5A195A00C97B32 /* Project object */;
}
